
Microsoft Visual Studio Solution File, Format Version 12.00
# Visual Studio Version 16
VisualStudioVersion = 16.0.30204.135
MinimumVisualStudioVersion = 10.0.40219.1
Project("{FAE04EC0-301F-11D3-BF4B-00C04F79EFBC}") = "FilePicker.UWP", "FilePicker\FilePicker.UWP\FilePicker.UWP.csproj", "{884830F4-4814-49C5-B083-CAB936FC1590}"
EndProject
Project("{FAE04EC0-301F-11D3-BF4B-00C04F79EFBC}") = "FilePicker.Android", "FilePicker\FilePicker.Android\FilePicker.Android.csproj", "{4DF07DD9-7C9C-4730-8F08-B768753FDCAD}"
EndProject
Project("{FAE04EC0-301F-11D3-BF4B-00C04F79EFBC}") = "FilePicker.iOS", "FilePicker\FilePicker.iOS\FilePicker.iOS.csproj", "{E83AF39D-6B76-4067-AAD0-12DA75271B03}"
EndProject
Project("{FAE04EC0-301F-11D3-BF4B-00C04F79EFBC}") = "FilePicker", "FilePicker\FilePicker\FilePicker.csproj", "{BA16F680-141F-42B4-95C3-675BDF0AD817}"
EndProject
Global
	GlobalSection(SolutionConfigurationPlatforms) = preSolution
		Debug|Any CPU = Debug|Any CPU
		Debug|ARM = Debug|ARM
		Debug|iPhone = Debug|iPhone
		Debug|iPhoneSimulator = Debug|iPhoneSimulator
		Debug|x64 = Debug|x64
		Debug|x86 = Debug|x86
		Release|Any CPU = Release|Any CPU
		Release|ARM = Release|ARM
		Release|iPhone = Release|iPhone
		Release|iPhoneSimulator = Release|iPhoneSimulator
		Release|x64 = Release|x64
		Release|x86 = Release|x86
	EndGlobalSection
	GlobalSection(ProjectConfigurationPlatforms) = postSolution
		{884830F4-4814-49C5-B083-CAB936FC1590}.Debug|Any CPU.ActiveCfg = Debug|x86
		{884830F4-4814-49C5-B083-CAB936FC1590}.Debug|Any CPU.Build.0 = Debug|x86
		{884830F4-4814-49C5-B083-CAB936FC1590}.Debug|Any CPU.Deploy.0 = Debug|x86
		{884830F4-4814-49C5-B083-CAB936FC1590}.Debug|ARM.ActiveCfg = Debug|ARM
		{884830F4-4814-49C5-B083-CAB936FC1590}.Debug|ARM.Build.0 = Debug|ARM
		{884830F4-4814-49C5-B083-CAB936FC1590}.Debug|ARM.Deploy.0 = Debug|ARM
		{884830F4-4814-49C5-B083-CAB936FC1590}.Debug|iPhone.ActiveCfg = Debug|x86
		{884830F4-4814-49C5-B083-CAB936FC1590}.Debug|iPhone.Build.0 = Debug|x86
		{884830F4-4814-49C5-B083-CAB936FC1590}.Debug|iPhone.Deploy.0 = Debug|x86
		{884830F4-4814-49C5-B083-CAB936FC1590}.Debug|iPhoneSimulator.ActiveCfg = Debug|x86
		{884830F4-4814-49C5-B083-CAB936FC1590}.Debug|iPhoneSimulator.Build.0 = Debug|x86
		{884830F4-4814-49C5-B083-CAB936FC1590}.Debug|iPhoneSimulator.Deploy.0 = Debug|x86
		{884830F4-4814-49C5-B083-CAB936FC1590}.Debug|x64.ActiveCfg = Debug|x64
		{884830F4-4814-49C5-B083-CAB936FC1590}.Debug|x64.Build.0 = Debug|x64
		{884830F4-4814-49C5-B083-CAB936FC1590}.Debug|x64.Deploy.0 = Debug|x64
		{884830F4-4814-49C5-B083-CAB936FC1590}.Debug|x86.ActiveCfg = Debug|x86
		{884830F4-4814-49C5-B083-CAB936FC1590}.Debug|x86.Build.0 = Debug|x86
		{884830F4-4814-49C5-B083-CAB936FC1590}.Debug|x86.Deploy.0 = Debug|x86
		{884830F4-4814-49C5-B083-CAB936FC1590}.Release|Any CPU.ActiveCfg = Release|x86
		{884830F4-4814-49C5-B083-CAB936FC1590}.Release|Any CPU.Build.0 = Release|x86
		{884830F4-4814-49C5-B083-CAB936FC1590}.Release|Any CPU.Deploy.0 = Release|x86
		{884830F4-4814-49C5-B083-CAB936FC1590}.Release|ARM.ActiveCfg = Release|ARM
		{884830F4-4814-49C5-B083-CAB936FC1590}.Release|ARM.Build.0 = Release|ARM
		{884830F4-4814-49C5-B083-CAB936FC1590}.Release|ARM.Deploy.0 = Release|ARM
		{884830F4-4814-49C5-B083-CAB936FC1590}.Release|iPhone.ActiveCfg = Release|x86
		{884830F4-4814-49C5-B083-CAB936FC1590}.Release|iPhone.Build.0 = Release|x86
		{884830F4-4814-49C5-B083-CAB936FC1590}.Release|iPhone.Deploy.0 = Release|x86
		{884830F4-4814-49C5-B083-CAB936FC1590}.Release|iPhoneSimulator.ActiveCfg = Release|x86
		{884830F4-4814-49C5-B083-CAB936FC1590}.Release|iPhoneSimulator.Build.0 = Release|x86
		{884830F4-4814-49C5-B083-CAB936FC1590}.Release|iPhoneSimulator.Deploy.0 = Release|x86
		{884830F4-4814-49C5-B083-CAB936FC1590}.Release|x64.ActiveCfg = Release|x64
		{884830F4-4814-49C5-B083-CAB936FC1590}.Release|x64.Build.0 = Release|x64
		{884830F4-4814-49C5-B083-CAB936FC1590}.Release|x64.Deploy.0 = Release|x64
		{884830F4-4814-49C5-B083-CAB936FC1590}.Release|x86.ActiveCfg = Release|x86
		{884830F4-4814-49C5-B083-CAB936FC1590}.Release|x86.Build.0 = Release|x86
		{884830F4-4814-49C5-B083-CAB936FC1590}.Release|x86.Deploy.0 = Release|x86
		{4DF07DD9-7C9C-4730-8F08-B768753FDCAD}.Debug|Any CPU.ActiveCfg = Debug|Any CPU
		{4DF07DD9-7C9C-4730-8F08-B768753FDCAD}.Debug|Any CPU.Build.0 = Debug|Any CPU
		{4DF07DD9-7C9C-4730-8F08-B768753FDCAD}.Debug|Any CPU.Deploy.0 = Debug|Any CPU
		{4DF07DD9-7C9C-4730-8F08-B768753FDCAD}.Debug|ARM.ActiveCfg = Debug|Any CPU
		{4DF07DD9-7C9C-4730-8F08-B768753FDCAD}.Debug|ARM.Build.0 = Debug|Any CPU
		{4DF07DD9-7C9C-4730-8F08-B768753FDCAD}.Debug|ARM.Deploy.0 = Debug|Any CPU
		{4DF07DD9-7C9C-4730-8F08-B768753FDCAD}.Debug|iPhone.ActiveCfg = Debug|Any CPU
		{4DF07DD9-7C9C-4730-8F08-B768753FDCAD}.Debug|iPhone.Build.0 = Debug|Any CPU
		{4DF07DD9-7C9C-4730-8F08-B768753FDCAD}.Debug|iPhone.Deploy.0 = Debug|Any CPU
		{4DF07DD9-7C9C-4730-8F08-B768753FDCAD}.Debug|iPhoneSimulator.ActiveCfg = Debug|Any CPU
		{4DF07DD9-7C9C-4730-8F08-B768753FDCAD}.Debug|iPhoneSimulator.Build.0 = Debug|Any CPU
		{4DF07DD9-7C9C-4730-8F08-B768753FDCAD}.Debug|iPhoneSimulator.Deploy.0 = Debug|Any CPU
		{4DF07DD9-7C9C-4730-8F08-B768753FDCAD}.Debug|x64.ActiveCfg = Debug|Any CPU
		{4DF07DD9-7C9C-4730-8F08-B768753FDCAD}.Debug|x64.Build.0 = Debug|Any CPU
		{4DF07DD9-7C9C-4730-8F08-B768753FDCAD}.Debug|x64.Deploy.0 = Debug|Any CPU
		{4DF07DD9-7C9C-4730-8F08-B768753FDCAD}.Debug|x86.ActiveCfg = Debug|Any CPU
		{4DF07DD9-7C9C-4730-8F08-B768753FDCAD}.Debug|x86.Build.0 = Debug|Any CPU
		{4DF07DD9-7C9C-4730-8F08-B768753FDCAD}.Debug|x86.Deploy.0 = Debug|Any CPU
		{4DF07DD9-7C9C-4730-8F08-B768753FDCAD}.Release|Any CPU.ActiveCfg = Release|Any CPU
		{4DF07DD9-7C9C-4730-8F08-B768753FDCAD}.Release|Any CPU.Build.0 = Release|Any CPU
		{4DF07DD9-7C9C-4730-8F08-B768753FDCAD}.Release|Any CPU.Deploy.0 = Release|Any CPU
		{4DF07DD9-7C9C-4730-8F08-B768753FDCAD}.Release|ARM.ActiveCfg = Release|Any CPU
		{4DF07DD9-7C9C-4730-8F08-B768753FDCAD}.Release|ARM.Build.0 = Release|Any CPU
		{4DF07DD9-7C9C-4730-8F08-B768753FDCAD}.Release|ARM.Deploy.0 = Release|Any CPU
		{4DF07DD9-7C9C-4730-8F08-B768753FDCAD}.Release|iPhone.ActiveCfg = Release|Any CPU
		{4DF07DD9-7C9C-4730-8F08-B768753FDCAD}.Release|iPhone.Build.0 = Release|Any CPU
		{4DF07DD9-7C9C-4730-8F08-B768753FDCAD}.Release|iPhone.Deploy.0 = Release|Any CPU
		{4DF07DD9-7C9C-4730-8F08-B768753FDCAD}.Release|iPhoneSimulator.ActiveCfg = Release|Any CPU
		{4DF07DD9-7C9C-4730-8F08-B768753FDCAD}.Release|iPhoneSimulator.Build.0 = Release|Any CPU
		{4DF07DD9-7C9C-4730-8F08-B768753FDCAD}.Release|iPhoneSimulator.Deploy.0 = Release|Any CPU
		{4DF07DD9-7C9C-4730-8F08-B768753FDCAD}.Release|x64.ActiveCfg = Release|Any CPU
		{4DF07DD9-7C9C-4730-8F08-B768753FDCAD}.Release|x64.Build.0 = Release|Any CPU
		{4DF07DD9-7C9C-4730-8F08-B768753FDCAD}.Release|x64.Deploy.0 = Release|Any CPU
		{4DF07DD9-7C9C-4730-8F08-B768753FDCAD}.Release|x86.ActiveCfg = Release|Any CPU
		{4DF07DD9-7C9C-4730-8F08-B768753FDCAD}.Release|x86.Build.0 = Release|Any CPU
		{4DF07DD9-7C9C-4730-8F08-B768753FDCAD}.Release|x86.Deploy.0 = Release|Any CPU
		{E83AF39D-6B76-4067-AAD0-12DA75271B03}.Debug|Any CPU.ActiveCfg = Debug|iPhone
		{E83AF39D-6B76-4067-AAD0-12DA75271B03}.Debug|Any CPU.Build.0 = Debug|iPhone
		{E83AF39D-6B76-4067-AAD0-12DA75271B03}.Debug|Any CPU.Deploy.0 = Debug|iPhone
		{E83AF39D-6B76-4067-AAD0-12DA75271B03}.Debug|ARM.ActiveCfg = Debug|iPhone
		{E83AF39D-6B76-4067-AAD0-12DA75271B03}.Debug|ARM.Build.0 = Debug|iPhone
		{E83AF39D-6B76-4067-AAD0-12DA75271B03}.Debug|ARM.Deploy.0 = Debug|iPhone
		{E83AF39D-6B76-4067-AAD0-12DA75271B03}.Debug|iPhone.ActiveCfg = Debug|iPhone
		{E83AF39D-6B76-4067-AAD0-12DA75271B03}.Debug|iPhone.Build.0 = Debug|iPhone
		{E83AF39D-6B76-4067-AAD0-12DA75271B03}.Debug|iPhone.Deploy.0 = Debug|iPhone
		{E83AF39D-6B76-4067-AAD0-12DA75271B03}.Debug|iPhoneSimulator.ActiveCfg = Debug|iPhoneSimulator
		{E83AF39D-6B76-4067-AAD0-12DA75271B03}.Debug|iPhoneSimulator.Build.0 = Debug|iPhoneSimulator
		{E83AF39D-6B76-4067-AAD0-12DA75271B03}.Debug|iPhoneSimulator.Deploy.0 = Debug|iPhoneSimulator
		{E83AF39D-6B76-4067-AAD0-12DA75271B03}.Debug|x64.ActiveCfg = Debug|iPhone
		{E83AF39D-6B76-4067-AAD0-12DA75271B03}.Debug|x64.Build.0 = Debug|iPhone
		{E83AF39D-6B76-4067-AAD0-12DA75271B03}.Debug|x64.Deploy.0 = Debug|iPhone
		{E83AF39D-6B76-4067-AAD0-12DA75271B03}.Debug|x86.ActiveCfg = Debug|iPhone
		{E83AF39D-6B76-4067-AAD0-12DA75271B03}.Debug|x86.Build.0 = Debug|iPhone
		{E83AF39D-6B76-4067-AAD0-12DA75271B03}.Debug|x86.Deploy.0 = Debug|iPhone
		{E83AF39D-6B76-4067-AAD0-12DA75271B03}.Release|Any CPU.ActiveCfg = Release|iPhone
		{E83AF39D-6B76-4067-AAD0-12DA75271B03}.Release|Any CPU.Build.0 = Release|iPhone
		{E83AF39D-6B76-4067-AAD0-12DA75271B03}.Release|Any CPU.Deploy.0 = Release|iPhone
		{E83AF39D-6B76-4067-AAD0-12DA75271B03}.Release|ARM.ActiveCfg = Release|iPhone
		{E83AF39D-6B76-4067-AAD0-12DA75271B03}.Release|ARM.Build.0 = Release|iPhone
		{E83AF39D-6B76-4067-AAD0-12DA75271B03}.Release|ARM.Deploy.0 = Release|iPhone
		{E83AF39D-6B76-4067-AAD0-12DA75271B03}.Release|iPhone.ActiveCfg = Release|iPhone
		{E83AF39D-6B76-4067-AAD0-12DA75271B03}.Release|iPhone.Build.0 = Release|iPhone
		{E83AF39D-6B76-4067-AAD0-12DA75271B03}.Release|iPhone.Deploy.0 = Release|iPhone
		{E83AF39D-6B76-4067-AAD0-12DA75271B03}.Release|iPhoneSimulator.ActiveCfg = Release|iPhoneSimulator
		{E83AF39D-6B76-4067-AAD0-12DA75271B03}.Release|iPhoneSimulator.Build.0 = Release|iPhoneSimulator
		{E83AF39D-6B76-4067-AAD0-12DA75271B03}.Release|iPhoneSimulator.Deploy.0 = Release|iPhoneSimulator
		{E83AF39D-6B76-4067-AAD0-12DA75271B03}.Release|x64.ActiveCfg = Release|iPhone
		{E83AF39D-6B76-4067-AAD0-12DA75271B03}.Release|x64.Build.0 = Release|iPhone
		{E83AF39D-6B76-4067-AAD0-12DA75271B03}.Release|x64.Deploy.0 = Release|iPhone
		{E83AF39D-6B76-4067-AAD0-12DA75271B03}.Release|x86.ActiveCfg = Release|iPhone
		{E83AF39D-6B76-4067-AAD0-12DA75271B03}.Release|x86.Build.0 = Release|iPhone
		{E83AF39D-6B76-4067-AAD0-12DA75271B03}.Release|x86.Deploy.0 = Release|iPhone
		{BA16F680-141F-42B4-95C3-675BDF0AD817}.Debug|Any CPU.ActiveCfg = Debug|Any CPU
		{BA16F680-141F-42B4-95C3-675BDF0AD817}.Debug|Any CPU.Build.0 = Debug|Any CPU
		{BA16F680-141F-42B4-95C3-675BDF0AD817}.Debug|Any CPU.Deploy.0 = Debug|Any CPU
		{BA16F680-141F-42B4-95C3-675BDF0AD817}.Debug|ARM.ActiveCfg = Debug|Any CPU
		{BA16F680-141F-42B4-95C3-675BDF0AD817}.Debug|ARM.Build.0 = Debug|Any CPU
		{BA16F680-141F-42B4-95C3-675BDF0AD817}.Debug|ARM.Deploy.0 = Debug|Any CPU
		{BA16F680-141F-42B4-95C3-675BDF0AD817}.Debug|iPhone.ActiveCfg = Debug|Any CPU
		{BA16F680-141F-42B4-95C3-675BDF0AD817}.Debug|iPhone.Build.0 = Debug|Any CPU
		{BA16F680-141F-42B4-95C3-675BDF0AD817}.Debug|iPhone.Deploy.0 = Debug|Any CPU
		{BA16F680-141F-42B4-95C3-675BDF0AD817}.Debug|iPhoneSimulator.ActiveCfg = Debug|Any CPU
		{BA16F680-141F-42B4-95C3-675BDF0AD817}.Debug|iPhoneSimulator.Build.0 = Debug|Any CPU
		{BA16F680-141F-42B4-95C3-675BDF0AD817}.Debug|iPhoneSimulator.Deploy.0 = Debug|Any CPU
		{BA16F680-141F-42B4-95C3-675BDF0AD817}.Debug|x64.ActiveCfg = Debug|Any CPU
		{BA16F680-141F-42B4-95C3-675BDF0AD817}.Debug|x64.Build.0 = Debug|Any CPU
		{BA16F680-141F-42B4-95C3-675BDF0AD817}.Debug|x64.Deploy.0 = Debug|Any CPU
		{BA16F680-141F-42B4-95C3-675BDF0AD817}.Debug|x86.ActiveCfg = Debug|Any CPU
		{BA16F680-141F-42B4-95C3-675BDF0AD817}.Debug|x86.Build.0 = Debug|Any CPU
		{BA16F680-141F-42B4-95C3-675BDF0AD817}.Debug|x86.Deploy.0 = Debug|Any CPU
		{BA16F680-141F-42B4-95C3-675BDF0AD817}.Release|Any CPU.ActiveCfg = Release|Any CPU
		{BA16F680-141F-42B4-95C3-675BDF0AD817}.Release|Any CPU.Build.0 = Release|Any CPU
		{BA16F680-141F-42B4-95C3-675BDF0AD817}.Release|Any CPU.Deploy.0 = Release|Any CPU
		{BA16F680-141F-42B4-95C3-675BDF0AD817}.Release|ARM.ActiveCfg = Release|Any CPU
		{BA16F680-141F-42B4-95C3-675BDF0AD817}.Release|ARM.Build.0 = Release|Any CPU
		{BA16F680-141F-42B4-95C3-675BDF0AD817}.Release|ARM.Deploy.0 = Release|Any CPU
		{BA16F680-141F-42B4-95C3-675BDF0AD817}.Release|iPhone.ActiveCfg = Release|Any CPU
		{BA16F680-141F-42B4-95C3-675BDF0AD817}.Release|iPhone.Build.0 = Release|Any CPU
		{BA16F680-141F-42B4-95C3-675BDF0AD817}.Release|iPhone.Deploy.0 = Release|Any CPU
		{BA16F680-141F-42B4-95C3-675BDF0AD817}.Release|iPhoneSimulator.ActiveCfg = Release|Any CPU
		{BA16F680-141F-42B4-95C3-675BDF0AD817}.Release|iPhoneSimulator.Build.0 = Release|Any CPU
		{BA16F680-141F-42B4-95C3-675BDF0AD817}.Release|iPhoneSimulator.Deploy.0 = Release|Any CPU
		{BA16F680-141F-42B4-95C3-675BDF0AD817}.Release|x64.ActiveCfg = Release|Any CPU
		{BA16F680-141F-42B4-95C3-675BDF0AD817}.Release|x64.Build.0 = Release|Any CPU
		{BA16F680-141F-42B4-95C3-675BDF0AD817}.Release|x64.Deploy.0 = Release|Any CPU
		{BA16F680-141F-42B4-95C3-675BDF0AD817}.Release|x86.ActiveCfg = Release|Any CPU
		{BA16F680-141F-42B4-95C3-675BDF0AD817}.Release|x86.Build.0 = Release|Any CPU
		{BA16F680-141F-42B4-95C3-675BDF0AD817}.Release|x86.Deploy.0 = Release|Any CPU
	EndGlobalSection
	GlobalSection(SolutionProperties) = preSolution
		HideSolutionNode = FALSE
	EndGlobalSection
	GlobalSection(ExtensibilityGlobals) = postSolution
		SolutionGuid = {82DA7C8C-C029-4E2B-BDED-6466A1820913}
	EndGlobalSection
EndGlobal
